
Microsoft Visual Studio Solution File, Format Version 12.00
# Visual Studio Version 17
VisualStudioVersion = 17.14.36616.10 d17.14
MinimumVisualStudioVersion = 10.0.40219.1
Project("{FAE04EC0-301F-11D3-BF4B-00C04F79EFBC}") = "BazarBD", "BazarBD\BazarBD.csproj", "{30609C6E-529D-4B5F-B970-AB768B4A0EBF}"
EndProject
Global
	GlobalSection(SolutionConfigurationPlatforms) = preSolution
		Debug|Any CPU = Debug|Any CPU
		Release|Any CPU = Release|Any CPU
	EndGlobalSection
	GlobalSection(ProjectConfigurationPlatforms) = postSolution
		{30609C6E-529D-4B5F-B970-AB768B4A0EBF}.Debug|Any CPU.ActiveCfg = Debug|Any CPU
		{30609C6E-529D-4B5F-B970-AB768B4A0EBF}.Debug|Any CPU.Build.0 = Debug|Any CPU
		{30609C6E-529D-4B5F-B970-AB768B4A0EBF}.Release|Any CPU.ActiveCfg = Release|Any CPU
		{30609C6E-529D-4B5F-B970-AB768B4A0EBF}.Release|Any CPU.Build.0 = Release|Any CPU
	EndGlobalSection
	GlobalSection(SolutionProperties) = preSolution
		HideSolutionNode = FALSE
	EndGlobalSection
	GlobalSection(ExtensibilityGlobals) = postSolution
		SolutionGuid = {62B6B292-62F4-4091-B661-CC2623893A1B}
	EndGlobalSection
EndGlobal
